
Microsoft Visual Studio Solution File, Format Version 12.00
# Visual Studio Version 17
VisualStudioVersion = 17.9.34714.143
MinimumVisualStudioVersion = 10.0.40219.1
Project("{9A19103F-16F7-4668-BE54-9A1E7A4F7556}") = "FineBudget", "FineBudget\FineBudget.csproj", "{32EDE7CF-6043-4A28-9BCC-66F099B89D45}"
EndProject
Project("{9A19103F-16F7-4668-BE54-9A1E7A4F7556}") = "FineBudget.DTO", "DTOs\FineBudget.DTO.csproj", "{94603190-9EEA-4141-B4F4-D3015D18DD8C}"
EndProject
Project("{9A19103F-16F7-4668-BE54-9A1E7A4F7556}") = "FineBudget.Data", "BudgetData\FineBudget.Data.csproj", "{D5E533CC-E897-4872-8509-BD1EF1944568}"
EndProject
Project("{9A19103F-16F7-4668-BE54-9A1E7A4F7556}") = "API", "API\API.csproj", "{9F28DD43-AE86-4182-9EF6-9B680A3271E8}"
EndProject
Project("{9A19103F-16F7-4668-BE54-9A1E7A4F7556}") = "Shared", "Shared\Shared.csproj", "{092D25A0-A6C7-4192-ABFC-E92A26B88B96}"
EndProject
Project("{9A19103F-16F7-4668-BE54-9A1E7A4F7556}") = "FineBudget.Models", "FineBudget.Models\FineBudget.Models.csproj", "{8AE243D0-F2CF-4594-AEE1-C34C7EE97E37}"
EndProject
Project("{FAE04EC0-301F-11D3-BF4B-00C04F79EFBC}") = "Models", "Models\Models.csproj", "{D7294E47-0680-4F73-B8C3-B159596FC4C9}"
EndProject
Project("{9A19103F-16F7-4668-BE54-9A1E7A4F7556}") = "Database", "Database\Database.csproj", "{B148792A-97D2-43F2-A42B-896E555A038E}"
EndProject
Project("{FAE04EC0-301F-11D3-BF4B-00C04F79EFBC}") = "Libraries", "Libraries\Libraries.csproj", "{599359D9-5DF7-4186-8FAA-7EA6663F930E}"
EndProject
Global
	GlobalSection(SolutionConfigurationPlatforms) = preSolution
		Debug|Any CPU = Debug|Any CPU
		Release|Any CPU = Release|Any CPU
	EndGlobalSection
	GlobalSection(ProjectConfigurationPlatforms) = postSolution
		{32EDE7CF-6043-4A28-9BCC-66F099B89D45}.Debug|Any CPU.ActiveCfg = Debug|Any CPU
		{32EDE7CF-6043-4A28-9BCC-66F099B89D45}.Debug|Any CPU.Build.0 = Debug|Any CPU
		{32EDE7CF-6043-4A28-9BCC-66F099B89D45}.Release|Any CPU.ActiveCfg = Release|Any CPU
		{32EDE7CF-6043-4A28-9BCC-66F099B89D45}.Release|Any CPU.Build.0 = Release|Any CPU
		{94603190-9EEA-4141-B4F4-D3015D18DD8C}.Debug|Any CPU.ActiveCfg = Debug|Any CPU
		{94603190-9EEA-4141-B4F4-D3015D18DD8C}.Debug|Any CPU.Build.0 = Debug|Any CPU
		{94603190-9EEA-4141-B4F4-D3015D18DD8C}.Release|Any CPU.ActiveCfg = Release|Any CPU
		{94603190-9EEA-4141-B4F4-D3015D18DD8C}.Release|Any CPU.Build.0 = Release|Any CPU
		{D5E533CC-E897-4872-8509-BD1EF1944568}.Debug|Any CPU.ActiveCfg = Debug|Any CPU
		{D5E533CC-E897-4872-8509-BD1EF1944568}.Debug|Any CPU.Build.0 = Debug|Any CPU
		{D5E533CC-E897-4872-8509-BD1EF1944568}.Release|Any CPU.ActiveCfg = Release|Any CPU
		{D5E533CC-E897-4872-8509-BD1EF1944568}.Release|Any CPU.Build.0 = Release|Any CPU
		{9F28DD43-AE86-4182-9EF6-9B680A3271E8}.Debug|Any CPU.ActiveCfg = Debug|Any CPU
		{9F28DD43-AE86-4182-9EF6-9B680A3271E8}.Debug|Any CPU.Build.0 = Debug|Any CPU
		{9F28DD43-AE86-4182-9EF6-9B680A3271E8}.Release|Any CPU.ActiveCfg = Release|Any CPU
		{9F28DD43-AE86-4182-9EF6-9B680A3271E8}.Release|Any CPU.Build.0 = Release|Any CPU
		{092D25A0-A6C7-4192-ABFC-E92A26B88B96}.Debug|Any CPU.ActiveCfg = Debug|Any CPU
		{092D25A0-A6C7-4192-ABFC-E92A26B88B96}.Debug|Any CPU.Build.0 = Debug|Any CPU
		{092D25A0-A6C7-4192-ABFC-E92A26B88B96}.Release|Any CPU.ActiveCfg = Release|Any CPU
		{092D25A0-A6C7-4192-ABFC-E92A26B88B96}.Release|Any CPU.Build.0 = Release|Any CPU
		{8AE243D0-F2CF-4594-AEE1-C34C7EE97E37}.Debug|Any CPU.ActiveCfg = Debug|Any CPU
		{8AE243D0-F2CF-4594-AEE1-C34C7EE97E37}.Debug|Any CPU.Build.0 = Debug|Any CPU
		{8AE243D0-F2CF-4594-AEE1-C34C7EE97E37}.Release|Any CPU.ActiveCfg = Release|Any CPU
		{8AE243D0-F2CF-4594-AEE1-C34C7EE97E37}.Release|Any CPU.Build.0 = Release|Any CPU
		{D7294E47-0680-4F73-B8C3-B159596FC4C9}.Debug|Any CPU.ActiveCfg = Debug|Any CPU
		{D7294E47-0680-4F73-B8C3-B159596FC4C9}.Debug|Any CPU.Build.0 = Debug|Any CPU
		{D7294E47-0680-4F73-B8C3-B159596FC4C9}.Release|Any CPU.ActiveCfg = Release|Any CPU
		{D7294E47-0680-4F73-B8C3-B159596FC4C9}.Release|Any CPU.Build.0 = Release|Any CPU
		{B148792A-97D2-43F2-A42B-896E555A038E}.Debug|Any CPU.ActiveCfg = Debug|Any CPU
		{B148792A-97D2-43F2-A42B-896E555A038E}.Debug|Any CPU.Build.0 = Debug|Any CPU
		{B148792A-97D2-43F2-A42B-896E555A038E}.Release|Any CPU.ActiveCfg = Release|Any CPU
		{B148792A-97D2-43F2-A42B-896E555A038E}.Release|Any CPU.Build.0 = Release|Any CPU
		{599359D9-5DF7-4186-8FAA-7EA6663F930E}.Debug|Any CPU.ActiveCfg = Debug|Any CPU
		{599359D9-5DF7-4186-8FAA-7EA6663F930E}.Debug|Any CPU.Build.0 = Debug|Any CPU
		{599359D9-5DF7-4186-8FAA-7EA6663F930E}.Release|Any CPU.ActiveCfg = Release|Any CPU
		{599359D9-5DF7-4186-8FAA-7EA6663F930E}.Release|Any CPU.Build.0 = Release|Any CPU
	EndGlobalSection
	GlobalSection(SolutionProperties) = preSolution
		HideSolutionNode = FALSE
	EndGlobalSection
	GlobalSection(ExtensibilityGlobals) = postSolution
		SolutionGuid = {8586EC46-E4DF-4D8C-9D60-C0A3DC76DBBD}
	EndGlobalSection
EndGlobal
