
Microsoft Visual Studio Solution File, Format Version 12.00
# Visual Studio Version 17
VisualStudioVersion = 17.9.34714.143
MinimumVisualStudioVersion = 10.0.40219.1
Project("{9A19103F-16F7-4668-BE54-9A1E7A4F7556}") = "FineBudget", "FineBudget\FineBudget.csproj", "{32EDE7CF-6043-4A28-9BCC-66F099B89D45}"
EndProject
Project("{9A19103F-16F7-4668-BE54-9A1E7A4F7556}") = "Models", "Models\Models.csproj", "{7D59013B-7197-476F-B093-2889505C7173}"
EndProject
Project("{9A19103F-16F7-4668-BE54-9A1E7A4F7556}") = "DbRepository", "DbRepository\DbRepository.csproj", "{247DDE13-1653-4D2A-BB6A-5A72FFC75340}"
EndProject
Project("{9A19103F-16F7-4668-BE54-9A1E7A4F7556}") = "DTOs", "DTOs\DTOs.csproj", "{94603190-9EEA-4141-B4F4-D3015D18DD8C}"
EndProject
Project("{9A19103F-16F7-4668-BE54-9A1E7A4F7556}") = "ErrorsHandlers", "ErrorsHandlers\ErrorsHandlers.csproj", "{A603231C-1B12-4F3C-996F-3B6BB1F34750}"
EndProject
Project("{9A19103F-16F7-4668-BE54-9A1E7A4F7556}") = "FileHandler", "FileHandler\FileHandler.csproj", "{89EB5126-8AD7-4321-91D0-5AC9FDA75AD7}"
EndProject
Project("{FAE04EC0-301F-11D3-BF4B-00C04F79EFBC}") = "Extensions", "Extensions\Extensions.csproj", "{D7D86C7A-2A53-400E-AB86-F3E1EDCFF01A}"
EndProject
Global
	GlobalSection(SolutionConfigurationPlatforms) = preSolution
		Debug|Any CPU = Debug|Any CPU
		Release|Any CPU = Release|Any CPU
	EndGlobalSection
	GlobalSection(ProjectConfigurationPlatforms) = postSolution
		{32EDE7CF-6043-4A28-9BCC-66F099B89D45}.Debug|Any CPU.ActiveCfg = Debug|Any CPU
		{32EDE7CF-6043-4A28-9BCC-66F099B89D45}.Debug|Any CPU.Build.0 = Debug|Any CPU
		{32EDE7CF-6043-4A28-9BCC-66F099B89D45}.Release|Any CPU.ActiveCfg = Release|Any CPU
		{32EDE7CF-6043-4A28-9BCC-66F099B89D45}.Release|Any CPU.Build.0 = Release|Any CPU
		{7D59013B-7197-476F-B093-2889505C7173}.Debug|Any CPU.ActiveCfg = Debug|Any CPU
		{7D59013B-7197-476F-B093-2889505C7173}.Debug|Any CPU.Build.0 = Debug|Any CPU
		{7D59013B-7197-476F-B093-2889505C7173}.Release|Any CPU.ActiveCfg = Release|Any CPU
		{7D59013B-7197-476F-B093-2889505C7173}.Release|Any CPU.Build.0 = Release|Any CPU
		{247DDE13-1653-4D2A-BB6A-5A72FFC75340}.Debug|Any CPU.ActiveCfg = Debug|Any CPU
		{247DDE13-1653-4D2A-BB6A-5A72FFC75340}.Debug|Any CPU.Build.0 = Debug|Any CPU
		{247DDE13-1653-4D2A-BB6A-5A72FFC75340}.Release|Any CPU.ActiveCfg = Release|Any CPU
		{247DDE13-1653-4D2A-BB6A-5A72FFC75340}.Release|Any CPU.Build.0 = Release|Any CPU
		{94603190-9EEA-4141-B4F4-D3015D18DD8C}.Debug|Any CPU.ActiveCfg = Debug|Any CPU
		{94603190-9EEA-4141-B4F4-D3015D18DD8C}.Debug|Any CPU.Build.0 = Debug|Any CPU
		{94603190-9EEA-4141-B4F4-D3015D18DD8C}.Release|Any CPU.ActiveCfg = Release|Any CPU
		{94603190-9EEA-4141-B4F4-D3015D18DD8C}.Release|Any CPU.Build.0 = Release|Any CPU
		{A603231C-1B12-4F3C-996F-3B6BB1F34750}.Debug|Any CPU.ActiveCfg = Debug|Any CPU
		{A603231C-1B12-4F3C-996F-3B6BB1F34750}.Debug|Any CPU.Build.0 = Debug|Any CPU
		{A603231C-1B12-4F3C-996F-3B6BB1F34750}.Release|Any CPU.ActiveCfg = Release|Any CPU
		{A603231C-1B12-4F3C-996F-3B6BB1F34750}.Release|Any CPU.Build.0 = Release|Any CPU
		{89EB5126-8AD7-4321-91D0-5AC9FDA75AD7}.Debug|Any CPU.ActiveCfg = Debug|Any CPU
		{89EB5126-8AD7-4321-91D0-5AC9FDA75AD7}.Debug|Any CPU.Build.0 = Debug|Any CPU
		{89EB5126-8AD7-4321-91D0-5AC9FDA75AD7}.Release|Any CPU.ActiveCfg = Release|Any CPU
		{89EB5126-8AD7-4321-91D0-5AC9FDA75AD7}.Release|Any CPU.Build.0 = Release|Any CPU
		{D7D86C7A-2A53-400E-AB86-F3E1EDCFF01A}.Debug|Any CPU.ActiveCfg = Debug|Any CPU
		{D7D86C7A-2A53-400E-AB86-F3E1EDCFF01A}.Debug|Any CPU.Build.0 = Debug|Any CPU
		{D7D86C7A-2A53-400E-AB86-F3E1EDCFF01A}.Release|Any CPU.ActiveCfg = Release|Any CPU
		{D7D86C7A-2A53-400E-AB86-F3E1EDCFF01A}.Release|Any CPU.Build.0 = Release|Any CPU
	EndGlobalSection
	GlobalSection(SolutionProperties) = preSolution
		HideSolutionNode = FALSE
	EndGlobalSection
	GlobalSection(ExtensibilityGlobals) = postSolution
		SolutionGuid = {8586EC46-E4DF-4D8C-9D60-C0A3DC76DBBD}
	EndGlobalSection
EndGlobal
